
Microsoft Visual Studio Solution File, Format Version 12.00
# Visual Studio Version 17
VisualStudioVersion = 17.13.35919.96 d17.13
MinimumVisualStudioVersion = 10.0.40219.1
Project("{888888A0-9F3D-457C-B088-3A5042F75D52}") = "compare-pdf", "compare-pdf.pyproj", "{F4BD8BB7-2C3C-4560-B31E-9CBC069985FE}"
EndProject
Global
	GlobalSection(SolutionConfigurationPlatforms) = preSolution
		Debug|Any CPU = Debug|Any CPU
		Release|Any CPU = Release|Any CPU
	EndGlobalSection
	GlobalSection(ProjectConfigurationPlatforms) = postSolution
		{F4BD8BB7-2C3C-4560-B31E-9CBC069985FE}.Debug|Any CPU.ActiveCfg = Debug|Any CPU
		{F4BD8BB7-2C3C-4560-B31E-9CBC069985FE}.Release|Any CPU.ActiveCfg = Release|Any CPU
	EndGlobalSection
	GlobalSection(SolutionProperties) = preSolution
		HideSolutionNode = FALSE
	EndGlobalSection
	GlobalSection(ExtensibilityGlobals) = postSolution
		SolutionGuid = {85482B81-4099-4466-B117-41DD24CA5BC9}
	EndGlobalSection
EndGlobal
